{
  "name": "prisma-redis",
  "version": "1.0.0",
  "lockfileVersion": 2,
  "requires": true,
  "packages": {
    "": {
      "name": "prisma-redis",
      "version": "1.0.0",
      "license": "MIT",
      "dependencies": {
        "ioredis": "^4.28.0",
        "telejson": "^5.3.3"
      },
      "devDependencies": {
        "@types/ioredis": "^4.28.1",
        "typescript": "^4.4.4"
      }
    },
    "node_modules/@types/ioredis": {
      "version": "4.28.1",
      "resolved": "https://registry.npmjs.org/@types/ioredis/-/ioredis-4.28.1.tgz",
      "integrity": "sha512-raYHPqRWrfnEoym94BY28mG1+tcZqh3dsp2q7x5IyMAAEvIdu+H0X8diASMpncIm+oHyH9dalOeOnGOL/YnuOA==",
      "dev": true,
      "dependencies": {
        "@types/node": "*"
      }
    },
    "node_modules/@types/is-function": {
      "version": "1.0.1",
      "resolved": "https://registry.npmjs.org/@types/is-function/-/is-function-1.0.1.tgz",
      "integrity": "sha512-A79HEEiwXTFtfY+Bcbo58M2GRYzCr9itHWzbzHVFNEYCcoU/MMGwYYf721gBrnhpj1s6RGVVha/IgNFnR0Iw/Q=="
    },
    "node_modules/@types/node": {
      "version": "16.11.7",
      "resolved": "https://registry.npmjs.org/@types/node/-/node-16.11.7.tgz",
      "integrity": "sha512-QB5D2sqfSjCmTuWcBWyJ+/44bcjO7VbjSbOE0ucoVbAsSNQc4Lt6QkgkVXkTDwkL4z/beecZNDvVX15D4P8Jbw==",
      "dev": true
    },
    "node_modules/call-bind": {
      "version": "1.0.2",
      "resolved": "https://registry.npmjs.org/call-bind/-/call-bind-1.0.2.tgz",
      "integrity": "sha512-7O+FbCihrB5WGbFYesctwmTKae6rOiIzmz1icreWJ+0aA7LJfuqhEso2T9ncpcFtzMQtzXf2QGGueWJGTYsqrA==",
      "dependencies": {
        "function-bind": "^1.1.1",
        "get-intrinsic": "^1.0.2"
      },
      "funding": {
        "url": "https://github.com/sponsors/ljharb"
      }
    },
    "node_modules/cluster-key-slot": {
      "version": "1.1.0",
      "resolved": "https://registry.npmjs.org/cluster-key-slot/-/cluster-key-slot-1.1.0.tgz",
      "integrity": "sha512-2Nii8p3RwAPiFwsnZvukotvow2rIHM+yQ6ZcBXGHdniadkYGZYiGmkHJIbZPIV9nfv7m/U1IPMVVcAhoWFeklw==",
      "engines": {
        "node": ">=0.10.0"
      }
    },
    "node_modules/debug": {
      "version": "4.3.2",
      "resolved": "https://registry.npmjs.org/debug/-/debug-4.3.2.tgz",
      "integrity": "sha512-mOp8wKcvj7XxC78zLgw/ZA+6TSgkoE2C/ienthhRD298T7UNwAg9diBpLRxC0mOezLl4B0xV7M0cCO6P/O0Xhw==",
      "dependencies": {
        "ms": "2.1.2"
      },
      "engines": {
        "node": ">=6.0"
      },
      "peerDependenciesMeta": {
        "supports-color": {
          "optional": true
        }
      }
    },
    "node_modules/denque": {
      "version": "1.5.1",
      "resolved": "https://registry.npmjs.org/denque/-/denque-1.5.1.tgz",
      "integrity": "sha512-XwE+iZ4D6ZUB7mfYRMb5wByE8L74HCn30FBN7sWnXksWc1LO1bPDl67pBR9o/kC4z/xSNAwkMYcGgqDV3BE3Hw==",
      "engines": {
        "node": ">=0.10"
      }
    },
    "node_modules/dom-walk": {
      "version": "0.1.2",
      "resolved": "https://registry.npmjs.org/dom-walk/-/dom-walk-0.1.2.tgz",
      "integrity": "sha512-6QvTW9mrGeIegrFXdtQi9pk7O/nSK6lSdXW2eqUspN5LWD7UTji2Fqw5V2YLjBpHEoU9Xl/eUWNpDeZvoyOv2w=="
    },
    "node_modules/function-bind": {
      "version": "1.1.1",
      "resolved": "https://registry.npmjs.org/function-bind/-/function-bind-1.1.1.tgz",
      "integrity": "sha512-yIovAzMX49sF8Yl58fSCWJ5svSLuaibPxXQJFLmBObTuCr0Mf1KiPopGM9NiFjiYBCbfaa2Fh6breQ6ANVTI0A=="
    },
    "node_modules/get-intrinsic": {
      "version": "1.1.1",
      "resolved": "https://registry.npmjs.org/get-intrinsic/-/get-intrinsic-1.1.1.tgz",
      "integrity": "sha512-kWZrnVM42QCiEA2Ig1bG8zjoIMOgxWwYCEeNdwY6Tv/cOSeGpcoX4pXHfKUxNKVoArnrEr2e9srnAxxGIraS9Q==",
      "dependencies": {
        "function-bind": "^1.1.1",
        "has": "^1.0.3",
        "has-symbols": "^1.0.1"
      },
      "funding": {
        "url": "https://github.com/sponsors/ljharb"
      }
    },
    "node_modules/global": {
      "version": "4.4.0",
      "resolved": "https://registry.npmjs.org/global/-/global-4.4.0.tgz",
      "integrity": "sha512-wv/LAoHdRE3BeTGz53FAamhGlPLhlssK45usmGFThIi4XqnBmjKQ16u+RNbP7WvigRZDxUsM0J3gcQ5yicaL0w==",
      "dependencies": {
        "min-document": "^2.19.0",
        "process": "^0.11.10"
      }
    },
    "node_modules/has": {
      "version": "1.0.3",
      "resolved": "https://registry.npmjs.org/has/-/has-1.0.3.tgz",
      "integrity": "sha512-f2dvO0VU6Oej7RkWJGrehjbzMAjFp5/VKPp5tTpWIV4JHHZK1/BxbFRtf/siA2SWTe09caDmVtYYzWEIbBS4zw==",
      "dependencies": {
        "function-bind": "^1.1.1"
      },
      "engines": {
        "node": ">= 0.4.0"
      }
    },
    "node_modules/has-symbols": {
      "version": "1.0.2",
      "resolved": "https://registry.npmjs.org/has-symbols/-/has-symbols-1.0.2.tgz",
      "integrity": "sha512-chXa79rL/UC2KlX17jo3vRGz0azaWEx5tGqZg5pO3NUyEJVB17dMruQlzCCOfUvElghKcm5194+BCRvi2Rv/Gw==",
      "engines": {
        "node": ">= 0.4"
      },
      "funding": {
        "url": "https://github.com/sponsors/ljharb"
      }
    },
    "node_modules/has-tostringtag": {
      "version": "1.0.0",
      "resolved": "https://registry.npmjs.org/has-tostringtag/-/has-tostringtag-1.0.0.tgz",
      "integrity": "sha512-kFjcSNhnlGV1kyoGk7OXKSawH5JOb/LzUc5w9B02hOTO0dfFRjbHQKvg1d6cf3HbeUmtU9VbbV3qzZ2Teh97WQ==",
      "dependencies": {
        "has-symbols": "^1.0.2"
      },
      "engines": {
        "node": ">= 0.4"
      },
      "funding": {
        "url": "https://github.com/sponsors/ljharb"
      }
    },
    "node_modules/ioredis": {
      "version": "4.28.0",
      "resolved": "https://registry.npmjs.org/ioredis/-/ioredis-4.28.0.tgz",
      "integrity": "sha512-I+zkeeWp3XFgPT2CtJKxvaF5FjGBGt4yGYljRjQecdQKteThuAsKqffeF1lgHVlYnuNeozRbPOCDNZ7tDWPeig==",
      "dependencies": {
        "cluster-key-slot": "^1.1.0",
        "debug": "^4.3.1",
        "denque": "^1.1.0",
        "lodash.defaults": "^4.2.0",
        "lodash.flatten": "^4.4.0",
        "lodash.isarguments": "^3.1.0",
        "p-map": "^2.1.0",
        "redis-commands": "1.7.0",
        "redis-errors": "^1.2.0",
        "redis-parser": "^3.0.0",
        "standard-as-callback": "^2.1.0"
      },
      "engines": {
        "node": ">=6"
      },
      "funding": {
        "type": "opencollective",
        "url": "https://opencollective.com/ioredis"
      }
    },
    "node_modules/is-function": {
      "version": "1.0.2",
      "resolved": "https://registry.npmjs.org/is-function/-/is-function-1.0.2.tgz",
      "integrity": "sha512-lw7DUp0aWXYg+CBCN+JKkcE0Q2RayZnSvnZBlwgxHBQhqt5pZNVy4Ri7H9GmmXkdu7LUthszM+Tor1u/2iBcpQ=="
    },
    "node_modules/is-regex": {
      "version": "1.1.4",
      "resolved": "https://registry.npmjs.org/is-regex/-/is-regex-1.1.4.tgz",
      "integrity": "sha512-kvRdxDsxZjhzUX07ZnLydzS1TU/TJlTUHHY4YLL87e37oUA49DfkLqgy+VjFocowy29cKvcSiu+kIv728jTTVg==",
      "dependencies": {
        "call-bind": "^1.0.2",
        "has-tostringtag": "^1.0.0"
      },
      "engines": {
        "node": ">= 0.4"
      },
      "funding": {
        "url": "https://github.com/sponsors/ljharb"
      }
    },
    "node_modules/is-symbol": {
      "version": "1.0.4",
      "resolved": "https://registry.npmjs.org/is-symbol/-/is-symbol-1.0.4.tgz",
      "integrity": "sha512-C/CPBqKWnvdcxqIARxyOh4v1UUEOCHpgDa0WYgpKDFMszcrPcffg5uhwSgPCLD2WWxmq6isisz87tzT01tuGhg==",
      "dependencies": {
        "has-symbols": "^1.0.2"
      },
      "engines": {
        "node": ">= 0.4"
      },
      "funding": {
        "url": "https://github.com/sponsors/ljharb"
      }
    },
    "node_modules/isobject": {
      "version": "4.0.0",
      "resolved": "https://registry.npmjs.org/isobject/-/isobject-4.0.0.tgz",
      "integrity": "sha512-S/2fF5wH8SJA/kmwr6HYhK/RI/OkhD84k8ntalo0iJjZikgq1XFvR5M8NPT1x5F7fBwCG3qHfnzeP/Vh/ZxCUA==",
      "engines": {
        "node": ">=0.10.0"
      }
    },
    "node_modules/lodash": {
      "version": "4.17.21",
      "resolved": "https://registry.npmjs.org/lodash/-/lodash-4.17.21.tgz",
      "integrity": "sha512-v2kDEe57lecTulaDIuNTPy3Ry4gLGJ6Z1O3vE1krgXZNrsQ+LFTGHVxVjcXPs17LhbZVGedAJv8XZ1tvj5FvSg=="
    },
    "node_modules/lodash.defaults": {
      "version": "4.2.0",
      "resolved": "https://registry.npmjs.org/lodash.defaults/-/lodash.defaults-4.2.0.tgz",
      "integrity": "sha1-0JF4cW/+pN3p5ft7N/bwgCJ0WAw="
    },
    "node_modules/lodash.flatten": {
      "version": "4.4.0",
      "resolved": "https://registry.npmjs.org/lodash.flatten/-/lodash.flatten-4.4.0.tgz",
      "integrity": "sha1-8xwiIlqWMtK7+OSt2+8kCqdlph8="
    },
    "node_modules/lodash.isarguments": {
      "version": "3.1.0",
      "resolved": "https://registry.npmjs.org/lodash.isarguments/-/lodash.isarguments-3.1.0.tgz",
      "integrity": "sha1-L1c9hcaiQon/AGY7SRwdM4/zRYo="
    },
    "node_modules/map-or-similar": {
      "version": "1.5.0",
      "resolved": "https://registry.npmjs.org/map-or-similar/-/map-or-similar-1.5.0.tgz",
      "integrity": "sha1-beJlMXSt+12e3DPGnT6Sobdvrwg="
    },
    "node_modules/memoizerific": {
      "version": "1.11.3",
      "resolved": "https://registry.npmjs.org/memoizerific/-/memoizerific-1.11.3.tgz",
      "integrity": "sha1-fIekZGREwy11Q4VwkF8tvRsagFo=",
      "dependencies": {
        "map-or-similar": "^1.5.0"
      }
    },
    "node_modules/min-document": {
      "version": "2.19.0",
      "resolved": "https://registry.npmjs.org/min-document/-/min-document-2.19.0.tgz",
      "integrity": "sha1-e9KC4/WELtKVu3SM3Z8f+iyCRoU=",
      "dependencies": {
        "dom-walk": "^0.1.0"
      }
    },
    "node_modules/ms": {
      "version": "2.1.2",
      "resolved": "https://registry.npmjs.org/ms/-/ms-2.1.2.tgz",
      "integrity": "sha512-sGkPx+VjMtmA6MX27oA4FBFELFCZZ4S4XqeGOXCv68tT+jb3vk/RyaKWP0PTKyWtmLSM0b+adUTEvbs1PEaH2w=="
    },
    "node_modules/p-map": {
      "version": "2.1.0",
      "resolved": "https://registry.npmjs.org/p-map/-/p-map-2.1.0.tgz",
      "integrity": "sha512-y3b8Kpd8OAN444hxfBbFfj1FY/RjtTd8tzYwhUqNYXx0fXx2iX4maP4Qr6qhIKbQXI02wTLAda4fYUbDagTUFw==",
      "engines": {
        "node": ">=6"
      }
    },
    "node_modules/process": {
      "version": "0.11.10",
      "resolved": "https://registry.npmjs.org/process/-/process-0.11.10.tgz",
      "integrity": "sha1-czIwDoQBYb2j5podHZGn1LwW8YI=",
      "engines": {
        "node": ">= 0.6.0"
      }
    },
    "node_modules/redis-commands": {
      "version": "1.7.0",
      "resolved": "https://registry.npmjs.org/redis-commands/-/redis-commands-1.7.0.tgz",
      "integrity": "sha512-nJWqw3bTFy21hX/CPKHth6sfhZbdiHP6bTawSgQBlKOVRG7EZkfHbbHwQJnrE4vsQf0CMNE+3gJ4Fmm16vdVlQ=="
    },
    "node_modules/redis-errors": {
      "version": "1.2.0",
      "resolved": "https://registry.npmjs.org/redis-errors/-/redis-errors-1.2.0.tgz",
      "integrity": "sha1-62LSrbFeTq9GEMBK/hUpOEJQq60=",
      "engines": {
        "node": ">=4"
      }
    },
    "node_modules/redis-parser": {
      "version": "3.0.0",
      "resolved": "https://registry.npmjs.org/redis-parser/-/redis-parser-3.0.0.tgz",
      "integrity": "sha1-tm2CjNyv5rS4pCin3vTGvKwxyLQ=",
      "dependencies": {
        "redis-errors": "^1.0.0"
      },
      "engines": {
        "node": ">=4"
      }
    },
    "node_modules/standard-as-callback": {
      "version": "2.1.0",
      "resolved": "https://registry.npmjs.org/standard-as-callback/-/standard-as-callback-2.1.0.tgz",
      "integrity": "sha512-qoRRSyROncaz1z0mvYqIE4lCd9p2R90i6GxW3uZv5ucSu8tU7B5HXUP1gG8pVZsYNVaXjk8ClXHPttLyxAL48A=="
    },
    "node_modules/telejson": {
      "version": "5.3.3",
      "resolved": "https://registry.npmjs.org/telejson/-/telejson-5.3.3.tgz",
      "integrity": "sha512-PjqkJZpzEggA9TBpVtJi1LVptP7tYtXB6rEubwlHap76AMjzvOdKX41CxyaW7ahhzDU1aftXnMCx5kAPDZTQBA==",
      "dependencies": {
        "@types/is-function": "^1.0.0",
        "global": "^4.4.0",
        "is-function": "^1.0.2",
        "is-regex": "^1.1.2",
        "is-symbol": "^1.0.3",
        "isobject": "^4.0.0",
        "lodash": "^4.17.21",
        "memoizerific": "^1.11.3"
      }
    },
    "node_modules/typescript": {
      "version": "4.4.4",
      "resolved": "https://registry.npmjs.org/typescript/-/typescript-4.4.4.tgz",
      "integrity": "sha512-DqGhF5IKoBl8WNf8C1gu8q0xZSInh9j1kJJMqT3a94w1JzVaBU4EXOSMrz9yDqMT0xt3selp83fuFMQ0uzv6qA==",
      "dev": true,
      "bin": {
        "tsc": "bin/tsc",
        "tsserver": "bin/tsserver"
      },
      "engines": {
        "node": ">=4.2.0"
      }
    }
  },
  "dependencies": {
    "@types/ioredis": {
      "version": "4.28.1",
      "resolved": "https://registry.npmjs.org/@types/ioredis/-/ioredis-4.28.1.tgz",
      "integrity": "sha512-raYHPqRWrfnEoym94BY28mG1+tcZqh3dsp2q7x5IyMAAEvIdu+H0X8diASMpncIm+oHyH9dalOeOnGOL/YnuOA==",
      "dev": true,
      "requires": {
        "@types/node": "*"
      }
    },
    "@types/is-function": {
      "version": "1.0.1",
      "resolved": "https://registry.npmjs.org/@types/is-function/-/is-function-1.0.1.tgz",
      "integrity": "sha512-A79HEEiwXTFtfY+Bcbo58M2GRYzCr9itHWzbzHVFNEYCcoU/MMGwYYf721gBrnhpj1s6RGVVha/IgNFnR0Iw/Q=="
    },
    "@types/node": {
      "version": "16.11.7",
      "resolved": "https://registry.npmjs.org/@types/node/-/node-16.11.7.tgz",
      "integrity": "sha512-QB5D2sqfSjCmTuWcBWyJ+/44bcjO7VbjSbOE0ucoVbAsSNQc4Lt6QkgkVXkTDwkL4z/beecZNDvVX15D4P8Jbw==",
      "dev": true
    },
    "call-bind": {
      "version": "1.0.2",
      "resolved": "https://registry.npmjs.org/call-bind/-/call-bind-1.0.2.tgz",
      "integrity": "sha512-7O+FbCihrB5WGbFYesctwmTKae6rOiIzmz1icreWJ+0aA7LJfuqhEso2T9ncpcFtzMQtzXf2QGGueWJGTYsqrA==",
      "requires": {
        "function-bind": "^1.1.1",
        "get-intrinsic": "^1.0.2"
      }
    },
    "cluster-key-slot": {
      "version": "1.1.0",
      "resolved": "https://registry.npmjs.org/cluster-key-slot/-/cluster-key-slot-1.1.0.tgz",
      "integrity": "sha512-2Nii8p3RwAPiFwsnZvukotvow2rIHM+yQ6ZcBXGHdniadkYGZYiGmkHJIbZPIV9nfv7m/U1IPMVVcAhoWFeklw=="
    },
    "debug": {
      "version": "4.3.2",
      "resolved": "https://registry.npmjs.org/debug/-/debug-4.3.2.tgz",
      "integrity": "sha512-mOp8wKcvj7XxC78zLgw/ZA+6TSgkoE2C/ienthhRD298T7UNwAg9diBpLRxC0mOezLl4B0xV7M0cCO6P/O0Xhw==",
      "requires": {
        "ms": "2.1.2"
      }
    },
    "denque": {
      "version": "1.5.1",
      "resolved": "https://registry.npmjs.org/denque/-/denque-1.5.1.tgz",
      "integrity": "sha512-XwE+iZ4D6ZUB7mfYRMb5wByE8L74HCn30FBN7sWnXksWc1LO1bPDl67pBR9o/kC4z/xSNAwkMYcGgqDV3BE3Hw=="
    },
    "dom-walk": {
      "version": "0.1.2",
      "resolved": "https://registry.npmjs.org/dom-walk/-/dom-walk-0.1.2.tgz",
      "integrity": "sha512-6QvTW9mrGeIegrFXdtQi9pk7O/nSK6lSdXW2eqUspN5LWD7UTji2Fqw5V2YLjBpHEoU9Xl/eUWNpDeZvoyOv2w=="
    },
    "function-bind": {
      "version": "1.1.1",
      "resolved": "https://registry.npmjs.org/function-bind/-/function-bind-1.1.1.tgz",
      "integrity": "sha512-yIovAzMX49sF8Yl58fSCWJ5svSLuaibPxXQJFLmBObTuCr0Mf1KiPopGM9NiFjiYBCbfaa2Fh6breQ6ANVTI0A=="
    },
    "get-intrinsic": {
      "version": "1.1.1",
      "resolved": "https://registry.npmjs.org/get-intrinsic/-/get-intrinsic-1.1.1.tgz",
      "integrity": "sha512-kWZrnVM42QCiEA2Ig1bG8zjoIMOgxWwYCEeNdwY6Tv/cOSeGpcoX4pXHfKUxNKVoArnrEr2e9srnAxxGIraS9Q==",
      "requires": {
        "function-bind": "^1.1.1",
        "has": "^1.0.3",
        "has-symbols": "^1.0.1"
      }
    },
    "global": {
      "version": "4.4.0",
      "resolved": "https://registry.npmjs.org/global/-/global-4.4.0.tgz",
      "integrity": "sha512-wv/LAoHdRE3BeTGz53FAamhGlPLhlssK45usmGFThIi4XqnBmjKQ16u+RNbP7WvigRZDxUsM0J3gcQ5yicaL0w==",
      "requires": {
        "min-document": "^2.19.0",
        "process": "^0.11.10"
      }
    },
    "has": {
      "version": "1.0.3",
      "resolved": "https://registry.npmjs.org/has/-/has-1.0.3.tgz",
      "integrity": "sha512-f2dvO0VU6Oej7RkWJGrehjbzMAjFp5/VKPp5tTpWIV4JHHZK1/BxbFRtf/siA2SWTe09caDmVtYYzWEIbBS4zw==",
      "requires": {
        "function-bind": "^1.1.1"
      }
    },
    "has-symbols": {
      "version": "1.0.2",
      "resolved": "https://registry.npmjs.org/has-symbols/-/has-symbols-1.0.2.tgz",
      "integrity": "sha512-chXa79rL/UC2KlX17jo3vRGz0azaWEx5tGqZg5pO3NUyEJVB17dMruQlzCCOfUvElghKcm5194+BCRvi2Rv/Gw=="
    },
    "has-tostringtag": {
      "version": "1.0.0",
      "resolved": "https://registry.npmjs.org/has-tostringtag/-/has-tostringtag-1.0.0.tgz",
      "integrity": "sha512-kFjcSNhnlGV1kyoGk7OXKSawH5JOb/LzUc5w9B02hOTO0dfFRjbHQKvg1d6cf3HbeUmtU9VbbV3qzZ2Teh97WQ==",
      "requires": {
        "has-symbols": "^1.0.2"
      }
    },
    "ioredis": {
      "version": "4.28.0",
      "resolved": "https://registry.npmjs.org/ioredis/-/ioredis-4.28.0.tgz",
      "integrity": "sha512-I+zkeeWp3XFgPT2CtJKxvaF5FjGBGt4yGYljRjQecdQKteThuAsKqffeF1lgHVlYnuNeozRbPOCDNZ7tDWPeig==",
      "requires": {
        "cluster-key-slot": "^1.1.0",
        "debug": "^4.3.1",
        "denque": "^1.1.0",
        "lodash.defaults": "^4.2.0",
        "lodash.flatten": "^4.4.0",
        "lodash.isarguments": "^3.1.0",
        "p-map": "^2.1.0",
        "redis-commands": "1.7.0",
        "redis-errors": "^1.2.0",
        "redis-parser": "^3.0.0",
        "standard-as-callback": "^2.1.0"
      }
    },
    "is-function": {
      "version": "1.0.2",
      "resolved": "https://registry.npmjs.org/is-function/-/is-function-1.0.2.tgz",
      "integrity": "sha512-lw7DUp0aWXYg+CBCN+JKkcE0Q2RayZnSvnZBlwgxHBQhqt5pZNVy4Ri7H9GmmXkdu7LUthszM+Tor1u/2iBcpQ=="
    },
    "is-regex": {
      "version": "1.1.4",
      "resolved": "https://registry.npmjs.org/is-regex/-/is-regex-1.1.4.tgz",
      "integrity": "sha512-kvRdxDsxZjhzUX07ZnLydzS1TU/TJlTUHHY4YLL87e37oUA49DfkLqgy+VjFocowy29cKvcSiu+kIv728jTTVg==",
      "requires": {
        "call-bind": "^1.0.2",
        "has-tostringtag": "^1.0.0"
      }
    },
    "is-symbol": {
      "version": "1.0.4",
      "resolved": "https://registry.npmjs.org/is-symbol/-/is-symbol-1.0.4.tgz",
      "integrity": "sha512-C/CPBqKWnvdcxqIARxyOh4v1UUEOCHpgDa0WYgpKDFMszcrPcffg5uhwSgPCLD2WWxmq6isisz87tzT01tuGhg==",
      "requires": {
        "has-symbols": "^1.0.2"
      }
    },
    "isobject": {
      "version": "4.0.0",
      "resolved": "https://registry.npmjs.org/isobject/-/isobject-4.0.0.tgz",
      "integrity": "sha512-S/2fF5wH8SJA/kmwr6HYhK/RI/OkhD84k8ntalo0iJjZikgq1XFvR5M8NPT1x5F7fBwCG3qHfnzeP/Vh/ZxCUA=="
    },
    "lodash": {
      "version": "4.17.21",
      "resolved": "https://registry.npmjs.org/lodash/-/lodash-4.17.21.tgz",
      "integrity": "sha512-v2kDEe57lecTulaDIuNTPy3Ry4gLGJ6Z1O3vE1krgXZNrsQ+LFTGHVxVjcXPs17LhbZVGedAJv8XZ1tvj5FvSg=="
    },
    "lodash.defaults": {
      "version": "4.2.0",
      "resolved": "https://registry.npmjs.org/lodash.defaults/-/lodash.defaults-4.2.0.tgz",
      "integrity": "sha1-0JF4cW/+pN3p5ft7N/bwgCJ0WAw="
    },
    "lodash.flatten": {
      "version": "4.4.0",
      "resolved": "https://registry.npmjs.org/lodash.flatten/-/lodash.flatten-4.4.0.tgz",
      "integrity": "sha1-8xwiIlqWMtK7+OSt2+8kCqdlph8="
    },
    "lodash.isarguments": {
      "version": "3.1.0",
      "resolved": "https://registry.npmjs.org/lodash.isarguments/-/lodash.isarguments-3.1.0.tgz",
      "integrity": "sha1-L1c9hcaiQon/AGY7SRwdM4/zRYo="
    },
    "map-or-similar": {
      "version": "1.5.0",
      "resolved": "https://registry.npmjs.org/map-or-similar/-/map-or-similar-1.5.0.tgz",
      "integrity": "sha1-beJlMXSt+12e3DPGnT6Sobdvrwg="
    },
    "memoizerific": {
      "version": "1.11.3",
      "resolved": "https://registry.npmjs.org/memoizerific/-/memoizerific-1.11.3.tgz",
      "integrity": "sha1-fIekZGREwy11Q4VwkF8tvRsagFo=",
      "requires": {
        "map-or-similar": "^1.5.0"
      }
    },
    "min-document": {
      "version": "2.19.0",
      "resolved": "https://registry.npmjs.org/min-document/-/min-document-2.19.0.tgz",
      "integrity": "sha1-e9KC4/WELtKVu3SM3Z8f+iyCRoU=",
      "requires": {
        "dom-walk": "^0.1.0"
      }
    },
    "ms": {
      "version": "2.1.2",
      "resolved": "https://registry.npmjs.org/ms/-/ms-2.1.2.tgz",
      "integrity": "sha512-sGkPx+VjMtmA6MX27oA4FBFELFCZZ4S4XqeGOXCv68tT+jb3vk/RyaKWP0PTKyWtmLSM0b+adUTEvbs1PEaH2w=="
    },
    "p-map": {
      "version": "2.1.0",
      "resolved": "https://registry.npmjs.org/p-map/-/p-map-2.1.0.tgz",
      "integrity": "sha512-y3b8Kpd8OAN444hxfBbFfj1FY/RjtTd8tzYwhUqNYXx0fXx2iX4maP4Qr6qhIKbQXI02wTLAda4fYUbDagTUFw=="
    },
    "process": {
      "version": "0.11.10",
      "resolved": "https://registry.npmjs.org/process/-/process-0.11.10.tgz",
      "integrity": "sha1-czIwDoQBYb2j5podHZGn1LwW8YI="
    },
    "redis-commands": {
      "version": "1.7.0",
      "resolved": "https://registry.npmjs.org/redis-commands/-/redis-commands-1.7.0.tgz",
      "integrity": "sha512-nJWqw3bTFy21hX/CPKHth6sfhZbdiHP6bTawSgQBlKOVRG7EZkfHbbHwQJnrE4vsQf0CMNE+3gJ4Fmm16vdVlQ=="
    },
    "redis-errors": {
      "version": "1.2.0",
      "resolved": "https://registry.npmjs.org/redis-errors/-/redis-errors-1.2.0.tgz",
      "integrity": "sha1-62LSrbFeTq9GEMBK/hUpOEJQq60="
    },
    "redis-parser": {
      "version": "3.0.0",
      "resolved": "https://registry.npmjs.org/redis-parser/-/redis-parser-3.0.0.tgz",
      "integrity": "sha1-tm2CjNyv5rS4pCin3vTGvKwxyLQ=",
      "requires": {
        "redis-errors": "^1.0.0"
      }
    },
    "standard-as-callback": {
      "version": "2.1.0",
      "resolved": "https://registry.npmjs.org/standard-as-callback/-/standard-as-callback-2.1.0.tgz",
      "integrity": "sha512-qoRRSyROncaz1z0mvYqIE4lCd9p2R90i6GxW3uZv5ucSu8tU7B5HXUP1gG8pVZsYNVaXjk8ClXHPttLyxAL48A=="
    },
    "telejson": {
      "version": "5.3.3",
      "resolved": "https://registry.npmjs.org/telejson/-/telejson-5.3.3.tgz",
      "integrity": "sha512-PjqkJZpzEggA9TBpVtJi1LVptP7tYtXB6rEubwlHap76AMjzvOdKX41CxyaW7ahhzDU1aftXnMCx5kAPDZTQBA==",
      "requires": {
        "@types/is-function": "^1.0.0",
        "global": "^4.4.0",
        "is-function": "^1.0.2",
        "is-regex": "^1.1.2",
        "is-symbol": "^1.0.3",
        "isobject": "^4.0.0",
        "lodash": "^4.17.21",
        "memoizerific": "^1.11.3"
      }
    },
    "typescript": {
      "version": "4.4.4",
      "resolved": "https://registry.npmjs.org/typescript/-/typescript-4.4.4.tgz",
      "integrity": "sha512-DqGhF5IKoBl8WNf8C1gu8q0xZSInh9j1kJJMqT3a94w1JzVaBU4EXOSMrz9yDqMT0xt3selp83fuFMQ0uzv6qA==",
      "dev": true
    }
  }
}
